
Microsoft Visual Studio Solution File, Format Version 12.00
# Visual Studio 15
VisualStudioVersion = 15.0.27004.2005
MinimumVisualStudioVersion = 10.0.40219.1
Project("{D954291E-2A0B-460D-934E-DC6B0785DB48}") = "SRakowski.LD40", "src\SRakowski.LD40\SRakowski.LD40.shproj", "{A6E5CD05-129E-4E3B-8702-D26C4D168034}"
EndProject
Project("{FAE04EC0-301F-11D3-BF4B-00C04F79EFBC}") = "SRakowski.LD40.DesktopGL", "src\SRakowski.LD40.DesktopGL\SRakowski.LD40.DesktopGL.csproj", "{1074F614-5689-4929-9067-3FE6091CFFEE}"
EndProject
Project("{FAE04EC0-301F-11D3-BF4B-00C04F79EFBC}") = "SRakowski.LD40.ConsolePrototype", "src\SRakowski.LD40.ConsolePrototype\SRakowski.LD40.ConsolePrototype.csproj", "{7D863CF8-842E-4030-A0A8-6835E7C607B9}"
EndProject
Global
	GlobalSection(SharedMSBuildProjectFiles) = preSolution
		src\SRakowski.LD40\SRakowski.LD40.projitems*{1074f614-5689-4929-9067-3fe6091cffee}*SharedItemsImports = 4
		src\SRakowski.LD40\SRakowski.LD40.projitems*{7d863cf8-842e-4030-a0a8-6835e7c607b9}*SharedItemsImports = 4
		src\SRakowski.LD40\SRakowski.LD40.projitems*{a6e5cd05-129e-4e3b-8702-d26c4d168034}*SharedItemsImports = 13
	EndGlobalSection
	GlobalSection(SolutionConfigurationPlatforms) = preSolution
		Debug|Any CPU = Debug|Any CPU
		Release|Any CPU = Release|Any CPU
	EndGlobalSection
	GlobalSection(ProjectConfigurationPlatforms) = postSolution
		{1074F614-5689-4929-9067-3FE6091CFFEE}.Debug|Any CPU.ActiveCfg = Debug|Any CPU
		{1074F614-5689-4929-9067-3FE6091CFFEE}.Debug|Any CPU.Build.0 = Debug|Any CPU
		{1074F614-5689-4929-9067-3FE6091CFFEE}.Release|Any CPU.ActiveCfg = Release|Any CPU
		{1074F614-5689-4929-9067-3FE6091CFFEE}.Release|Any CPU.Build.0 = Release|Any CPU
		{7D863CF8-842E-4030-A0A8-6835E7C607B9}.Debug|Any CPU.ActiveCfg = Debug|Any CPU
		{7D863CF8-842E-4030-A0A8-6835E7C607B9}.Debug|Any CPU.Build.0 = Debug|Any CPU
		{7D863CF8-842E-4030-A0A8-6835E7C607B9}.Release|Any CPU.ActiveCfg = Release|Any CPU
		{7D863CF8-842E-4030-A0A8-6835E7C607B9}.Release|Any CPU.Build.0 = Release|Any CPU
	EndGlobalSection
	GlobalSection(SolutionProperties) = preSolution
		HideSolutionNode = FALSE
	EndGlobalSection
	GlobalSection(ExtensibilityGlobals) = postSolution
		SolutionGuid = {43BABB5A-EF97-4345-9C7A-BAE7F3309CDD}
	EndGlobalSection
EndGlobal
